
Microsoft Visual Studio Solution File, Format Version 12.00
# Visual Studio Version 17
VisualStudioVersion = 17.10.35027.167
MinimumVisualStudioVersion = 10.0.40219.1
Project("{FAE04EC0-301F-11D3-BF4B-00C04F79EFBC}") = "WebApplication5", "WebApplication5.csproj", "{94343469-AB25-4EDD-912F-5A9EF525F89C}"
EndProject
Global
	GlobalSection(SolutionConfigurationPlatforms) = preSolution
		Debug|Any CPU = Debug|Any CPU
		Release|Any CPU = Release|Any CPU
	EndGlobalSection
	GlobalSection(ProjectConfigurationPlatforms) = postSolution
		{94343469-AB25-4EDD-912F-5A9EF525F89C}.Debug|Any CPU.ActiveCfg = Debug|Any CPU
		{94343469-AB25-4EDD-912F-5A9EF525F89C}.Debug|Any CPU.Build.0 = Debug|Any CPU
		{94343469-AB25-4EDD-912F-5A9EF525F89C}.Release|Any CPU.ActiveCfg = Release|Any CPU
		{94343469-AB25-4EDD-912F-5A9EF525F89C}.Release|Any CPU.Build.0 = Release|Any CPU
	EndGlobalSection
	GlobalSection(SolutionProperties) = preSolution
		HideSolutionNode = FALSE
	EndGlobalSection
	GlobalSection(ExtensibilityGlobals) = postSolution
		SolutionGuid = {15A7C77E-D658-408F-90B1-FDC6DB3C19D6}
	EndGlobalSection
EndGlobal
